
Microsoft Visual Studio Solution File, Format Version 12.00
# Visual Studio Version 17
VisualStudioVersion = 17.14.36212.18
MinimumVisualStudioVersion = 10.0.40219.1
Project("{FAE04EC0-301F-11D3-BF4B-00C04F79EFBC}") = "zd4_KurdinIvan.Android", "zd4_KurdinIvan\zd4_KurdinIvan.Android\zd4_KurdinIvan.Android.csproj", "{10EF3C6A-5C6F-497F-8735-650FAFEE6088}"
EndProject
Project("{9A19103F-16F7-4668-BE54-9A1E7A4F7556}") = "zd4_KurdinIvan", "zd4_KurdinIvan\zd4_KurdinIvan\zd4_KurdinIvan.csproj", "{51F18AAA-699E-4726-A05F-66AE25C57FA5}"
EndProject
Project("{2150E333-8FDC-42A3-9474-1A3956D46DE8}") = "Элементы решения", "Элементы решения", "{06D7FD08-7526-4877-BEA5-56FB87D1994A}"
	ProjectSection(SolutionItems) = preProject
		Style.css = Style.css
	EndProjectSection
EndProject
Global
	GlobalSection(SolutionConfigurationPlatforms) = preSolution
		Debug|Any CPU = Debug|Any CPU
		Release|Any CPU = Release|Any CPU
	EndGlobalSection
	GlobalSection(ProjectConfigurationPlatforms) = postSolution
		{10EF3C6A-5C6F-497F-8735-650FAFEE6088}.Debug|Any CPU.ActiveCfg = Debug|Any CPU
		{10EF3C6A-5C6F-497F-8735-650FAFEE6088}.Debug|Any CPU.Build.0 = Debug|Any CPU
		{10EF3C6A-5C6F-497F-8735-650FAFEE6088}.Debug|Any CPU.Deploy.0 = Debug|Any CPU
		{10EF3C6A-5C6F-497F-8735-650FAFEE6088}.Release|Any CPU.ActiveCfg = Release|Any CPU
		{10EF3C6A-5C6F-497F-8735-650FAFEE6088}.Release|Any CPU.Build.0 = Release|Any CPU
		{10EF3C6A-5C6F-497F-8735-650FAFEE6088}.Release|Any CPU.Deploy.0 = Release|Any CPU
		{51F18AAA-699E-4726-A05F-66AE25C57FA5}.Debug|Any CPU.ActiveCfg = Debug|Any CPU
		{51F18AAA-699E-4726-A05F-66AE25C57FA5}.Debug|Any CPU.Build.0 = Debug|Any CPU
		{51F18AAA-699E-4726-A05F-66AE25C57FA5}.Debug|Any CPU.Deploy.0 = Debug|Any CPU
		{51F18AAA-699E-4726-A05F-66AE25C57FA5}.Release|Any CPU.ActiveCfg = Release|Any CPU
		{51F18AAA-699E-4726-A05F-66AE25C57FA5}.Release|Any CPU.Build.0 = Release|Any CPU
		{51F18AAA-699E-4726-A05F-66AE25C57FA5}.Release|Any CPU.Deploy.0 = Release|Any CPU
	EndGlobalSection
	GlobalSection(SolutionProperties) = preSolution
		HideSolutionNode = FALSE
	EndGlobalSection
	GlobalSection(ExtensibilityGlobals) = postSolution
		SolutionGuid = {0D3DF4C3-3E52-4C61-BAB3-5BCF0A585577}
	EndGlobalSection
EndGlobal
